PODS:
  - ZHHDropdownMenu (0.0.1):
    - ZHHDropdownMenu/Core (= 0.0.1)
  - ZHHDropdownMenu/Core (0.0.1)

DEPENDENCIES:
  - ZHHDropdownMenu (from `../`)

EXTERNAL SOURCES:
  ZHHDropdownMenu:
    :path: "../"

SPEC CHECKSUMS:
  ZHHDropdownMenu: 86a2dd9fa58d1eaff18613bd0b745da6c0fd3f7a

PODFILE CHECKSUM: 0bca180e9e87afd101e60c6d11c5a5436ba4e1e1

COCOAPODS: 1.16.2
