PODS:
  - ZHHDropdownMenu (1.0.0):
    - ZHHDropdownMenu/Core (= 1.0.0)
  - ZHHDropdownMenu/Core (1.0.0)

DEPENDENCIES:
  - ZHHDropdownMenu (from `../`)

EXTERNAL SOURCES:
  ZHHDropdownMenu:
    :path: "../"

SPEC CHECKSUMS:
  ZHHDropdownMenu: 275564e067b484a38dceb8912ae3d0c062d0926a

PODFILE CHECKSUM: 0bca180e9e87afd101e60c6d11c5a5436ba4e1e1

COCOAPODS: 1.16.2
